
Microsoft Visual Studio Solution File, Format Version 12.00
# Visual Studio Version 16
VisualStudioVersion = 16.0.29123.88
MinimumVisualStudioVersion = 10.0.40219.1
Project("{9A19103F-16F7-4668-BE54-9A1E7A4F7556}") = "BlazorBeginner", "BlazorBeginner.csproj", "{D949975F-6D4A-445B-A45C-AB0EADD9DA46}"
EndProject
Global
	GlobalSection(SolutionConfigurationPlatforms) = preSolution
		Debug|Any CPU = Debug|Any CPU
		Release|Any CPU = Release|Any CPU
	EndGlobalSection
	GlobalSection(ProjectConfigurationPlatforms) = postSolution
		{D949975F-6D4A-445B-A45C-AB0EADD9DA46}.Debug|Any CPU.ActiveCfg = Debug|Any CPU
		{D949975F-6D4A-445B-A45C-AB0EADD9DA46}.Debug|Any CPU.Build.0 = Debug|Any CPU
		{D949975F-6D4A-445B-A45C-AB0EADD9DA46}.Release|Any CPU.ActiveCfg = Release|Any CPU
		{D949975F-6D4A-445B-A45C-AB0EADD9DA46}.Release|Any CPU.Build.0 = Release|Any CPU
	EndGlobalSection
	GlobalSection(SolutionProperties) = preSolution
		HideSolutionNode = FALSE
	EndGlobalSection
	GlobalSection(ExtensibilityGlobals) = postSolution
		SolutionGuid = {7D92F893-3159-4B1B-A79A-0A41EAEC2C3A}
	EndGlobalSection
EndGlobal
